
Microsoft Visual Studio Solution File, Format Version 12.00
# Visual Studio Version 16
VisualStudioVersion = 16.0.30413.136
MinimumVisualStudioVersion = 10.0.40219.1
Project("{9A19103F-16F7-4668-BE54-9A1E7A4F7556}") = "Microservices.Resilient.Hystrix.API", "Microservices.Resilient.Hystrix.API\Microservices.Resilient.Hystrix.API.csproj", "{F7446ECF-B5F5-4E93-84B4-CC67A2C6A25B}"
EndProject
Project("{9A19103F-16F7-4668-BE54-9A1E7A4F7556}") = "Microservices.Resilient.Hystrix.Client.MVC", "Microservices.Resilient.Hystrix.CLient.MVC\Microservices.Resilient.Hystrix.Client.MVC.csproj", "{8E4050D4-BAF0-46FA-8247-26216EE1CCFC}"
EndProject
Project("{FAE04EC0-301F-11D3-BF4B-00C04F79EFBC}") = "Microservices.Resilient.Hystrix.Dashboard", "Microservices.Resilient.Hystrix.Dashboard\Microservices.Resilient.Hystrix.Dashboard.csproj", "{4AFF22D4-3C14-4B6B-912E-E64172963C96}"
EndProject
Global
	GlobalSection(SolutionConfigurationPlatforms) = preSolution
		Debug|Any CPU = Debug|Any CPU
		Release|Any CPU = Release|Any CPU
	EndGlobalSection
	GlobalSection(ProjectConfigurationPlatforms) = postSolution
		{F7446ECF-B5F5-4E93-84B4-CC67A2C6A25B}.Debug|Any CPU.ActiveCfg = Debug|Any CPU
		{F7446ECF-B5F5-4E93-84B4-CC67A2C6A25B}.Debug|Any CPU.Build.0 = Debug|Any CPU
		{F7446ECF-B5F5-4E93-84B4-CC67A2C6A25B}.Release|Any CPU.ActiveCfg = Release|Any CPU
		{F7446ECF-B5F5-4E93-84B4-CC67A2C6A25B}.Release|Any CPU.Build.0 = Release|Any CPU
		{8E4050D4-BAF0-46FA-8247-26216EE1CCFC}.Debug|Any CPU.ActiveCfg = Debug|Any CPU
		{8E4050D4-BAF0-46FA-8247-26216EE1CCFC}.Debug|Any CPU.Build.0 = Debug|Any CPU
		{8E4050D4-BAF0-46FA-8247-26216EE1CCFC}.Release|Any CPU.ActiveCfg = Release|Any CPU
		{8E4050D4-BAF0-46FA-8247-26216EE1CCFC}.Release|Any CPU.Build.0 = Release|Any CPU
		{4AFF22D4-3C14-4B6B-912E-E64172963C96}.Debug|Any CPU.ActiveCfg = Debug|Any CPU
		{4AFF22D4-3C14-4B6B-912E-E64172963C96}.Debug|Any CPU.Build.0 = Debug|Any CPU
		{4AFF22D4-3C14-4B6B-912E-E64172963C96}.Release|Any CPU.ActiveCfg = Release|Any CPU
		{4AFF22D4-3C14-4B6B-912E-E64172963C96}.Release|Any CPU.Build.0 = Release|Any CPU
	EndGlobalSection
	GlobalSection(SolutionProperties) = preSolution
		HideSolutionNode = FALSE
	EndGlobalSection
	GlobalSection(ExtensibilityGlobals) = postSolution
		SolutionGuid = {38876B80-C531-47DD-A11A-B8C30196A664}
	EndGlobalSection
EndGlobal
